{
  "originHash" : "ab4f0673aa11d8cea22d6773763b4a1f14c093275ca614965fb75c73ad84824f",
  "pins" : [
    {
      "identity" : "kingfisher",
      "kind" : "remoteSourceControl",
      "location" : "https://github.com/onevcat/Kingfisher.git",
      "state" : {
        "revision" : "2ef543ee21d63734e1c004ad6c870255e8716c50",
        "version" : "7.12.0"
      }
    }
  ],
  "version" : 3
}
